
Microsoft Visual Studio Solution File, Format Version 12.00
# Visual Studio Version 17
VisualStudioVersion = 17.11.35222.181
MinimumVisualStudioVersion = 10.0.40219.1
Project("{FAE04EC0-301F-11D3-BF4B-00C04F79EFBC}") = "Nguyen-Johnson-Assignment-Test", "Nguyen-Johnson-Assignment-Test.csproj", "{589729AB-F3CD-4037-9ADC-5C4826DE44D6}"
EndProject
Global
	GlobalSection(SolutionConfigurationPlatforms) = preSolution
		Debug|Any CPU = Debug|Any CPU
		Release|Any CPU = Release|Any CPU
	EndGlobalSection
	GlobalSection(ProjectConfigurationPlatforms) = postSolution
		{589729AB-F3CD-4037-9ADC-5C4826DE44D6}.Debug|Any CPU.ActiveCfg = Debug|Any CPU
		{589729AB-F3CD-4037-9ADC-5C4826DE44D6}.Debug|Any CPU.Build.0 = Debug|Any CPU
		{589729AB-F3CD-4037-9ADC-5C4826DE44D6}.Release|Any CPU.ActiveCfg = Release|Any CPU
		{589729AB-F3CD-4037-9ADC-5C4826DE44D6}.Release|Any CPU.Build.0 = Release|Any CPU
	EndGlobalSection
	GlobalSection(SolutionProperties) = preSolution
		HideSolutionNode = FALSE
	EndGlobalSection
	GlobalSection(ExtensibilityGlobals) = postSolution
		SolutionGuid = {9F66ABFC-42DE-4BFF-9DDD-371E3C8FE25D}
	EndGlobalSection
EndGlobal
